// !$*UTF8*$!
{
	archiveVersion = 1;
	classes = {
	};
	objectVersion = 56;
	objects = {

/* Begin PBXBuildFile section */
		579E15152BA7BD4C00B70176 /* iMeetupApp.swift in Sources */ = {isa = PBXBuildFile; fileRef = 579E15142BA7BD4C00B70176 /* iMeetupApp.swift */; };
		579E15172BA7BD4C00B70176 /* ContentView.swift in Sources */ = {isa = PBXBuildFile; fileRef = 579E15162BA7BD4C00B70176 /* ContentView.swift */; };
		579E15192BA7BD4D00B70176 /* Assets.xcassets in Resources */ = {isa = PBXBuildFile; fileRef = 579E15182BA7BD4D00B70176 /* Assets.xcassets */; };
		579E151D2BA7BD4D00B70176 /* Preview Assets.xcassets in Resources */ = {isa = PBXBuildFile; fileRef = 579E151C2BA7BD4D00B70176 /* Preview Assets.xcassets */; };
		579E15272BA7BD4D00B70176 /* iMeetupTests.swift in Sources */ = {isa = PBXBuildFile; fileRef = 579E15262BA7BD4D00B70176 /* iMeetupTests.swift */; };
		579E15312BA7BD4D00B70176 /* iMeetupUITests.swift in Sources */ = {isa = PBXBuildFile; fileRef = 579E15302BA7BD4D00B70176 /* iMeetupUITests.swift */; };
		579E15332BA7BD4D00B70176 /* iMeetupUITestsLaunchTests.swift in Sources */ = {isa = PBXBuildFile; fileRef = 579E15322BA7BD4D00B70176 /* iMeetupUITestsLaunchTests.swift */; };
		579E15402BA7BFD000B70176 /* ContentViewModel.swift in Sources */ = {isa = PBXBuildFile; fileRef = 579E153F2BA7BFD000B70176 /* ContentViewModel.swift */; };
		579E15422BA7BFFB00B70176 /* Profile.swift in Sources */ = {isa = PBXBuildFile; fileRef = 579E15412BA7BFFB00B70176 /* Profile.swift */; };
		579E15442BA7FB3400B70176 /* EditProfileView.swift in Sources */ = {isa = PBXBuildFile; fileRef = 579E15432BA7FB3400B70176 /* EditProfileView.swift */; };
		579E15462BA805CA00B70176 /* ProfileView.swift in Sources */ = {isa = PBXBuildFile; fileRef = 579E15452BA805CA00B70176 /* ProfileView.swift */; };
		579E15482BA8157B00B70176 /* EditProfileViewModel.swift in Sources */ = {isa = PBXBuildFile; fileRef = 579E15472BA8157B00B70176 /* EditProfileViewModel.swift */; };
		579E154D2BAA90D200B70176 /* LocationFetcher.swift in Sources */ = {isa = PBXBuildFile; fileRef = 579E154C2BAA90D200B70176 /* LocationFetcher.swift */; };
/* End PBXBuildFile section */

/* Begin PBXContainerItemProxy section */
		579E15232BA7BD4D00B70176 /* PBXContainerItemProxy */ = {
			isa = PBXContainerItemProxy;
			containerPortal = 579E15092BA7BD4C00B70176 /* Project object */;
			proxyType = 1;
			remoteGlobalIDString = 579E15102BA7BD4C00B70176;
			remoteInfo = iMeetup;
		};
		579E152D2BA7BD4D00B70176 /* PBXContainerItemProxy */ = {
			isa = PBXContainerItemProxy;
			containerPortal = 579E15092BA7BD4C00B70176 /* Project object */;
			proxyType = 1;
			remoteGlobalIDString = 579E15102BA7BD4C00B70176;
			remoteInfo = iMeetup;
		};
/* End PBXContainerItemProxy section */

/* Begin PBXFileReference section */
		579E15112BA7BD4C00B70176 /* iMeetup.app */ = {isa = PBXFileReference; explicitFileType = wrapper.application; includeInIndex = 0; path = iMeetup.app; sourceTree = BUILT_PRODUCTS_DIR; };
		579E15142BA7BD4C00B70176 /* iMeetupApp.swift */ = {isa = PBXFileReference; lastKnownFileType = sourcecode.swift; path = iMeetupApp.swift; sourceTree = "<group>"; };
		579E15162BA7BD4C00B70176 /* ContentView.swift */ = {isa = PBXFileReference; lastKnownFileType = sourcecode.swift; path = ContentView.swift; sourceTree = "<group>"; };
		579E15182BA7BD4D00B70176 /* Assets.xcassets */ = {isa = PBXFileReference; lastKnownFileType = folder.assetcatalog; path = Assets.xcassets; sourceTree = "<group>"; };
		579E151A2BA7BD4D00B70176 /* iMeetup.entitlements */ = {isa = PBXFileReference; lastKnownFileType = text.plist.entitlements; path = iMeetup.entitlements; sourceTree = "<group>"; };
		579E151C2BA7BD4D00B70176 /* Preview Assets.xcassets */ = {isa = PBXFileReference; lastKnownFileType = folder.assetcatalog; path = "Preview Assets.xcassets"; sourceTree = "<group>"; };
		579E15222BA7BD4D00B70176 /* iMeetupTests.xctest */ = {isa = PBXFileReference; explicitFileType = wrapper.cfbundle; includeInIndex = 0; path = iMeetupTests.xctest; sourceTree = BUILT_PRODUCTS_DIR; };
		579E15262BA7BD4D00B70176 /* iMeetupTests.swift */ = {isa = PBXFileReference; lastKnownFileType = sourcecode.swift; path = iMeetupTests.swift; sourceTree = "<group>"; };
		579E152C2BA7BD4D00B70176 /* iMeetupUITests.xctest */ = {isa = PBXFileReference; explicitFileType = wrapper.cfbundle; includeInIndex = 0; path = iMeetupUITests.xctest; sourceTree = BUILT_PRODUCTS_DIR; };
		579E15302BA7BD4D00B70176 /* iMeetupUITests.swift */ = {isa = PBXFileReference; lastKnownFileType = sourcecode.swift; path = iMeetupUITests.swift; sourceTree = "<group>"; };
		579E15322BA7BD4D00B70176 /* iMeetupUITestsLaunchTests.swift */ = {isa = PBXFileReference; lastKnownFileType = sourcecode.swift; path = iMeetupUITestsLaunchTests.swift; sourceTree = "<group>"; };
		579E153F2BA7BFD000B70176 /* ContentViewModel.swift */ = {isa = PBXFileReference; lastKnownFileType = sourcecode.swift; path = ContentViewModel.swift; sourceTree = "<group>"; };
		579E15412BA7BFFB00B70176 /* Profile.swift */ = {isa = PBXFileReference; lastKnownFileType = sourcecode.swift; path = Profile.swift; sourceTree = "<group>"; };
		579E15432BA7FB3400B70176 /* EditProfileView.swift */ = {isa = PBXFileReference; lastKnownFileType = sourcecode.swift; path = EditProfileView.swift; sourceTree = "<group>"; };
		579E15452BA805CA00B70176 /* ProfileView.swift */ = {isa = PBXFileReference; lastKnownFileType = sourcecode.swift; path = ProfileView.swift; sourceTree = "<group>"; };
		579E15472BA8157B00B70176 /* EditProfileViewModel.swift */ = {isa = PBXFileReference; lastKnownFileType = sourcecode.swift; path = EditProfileViewModel.swift; sourceTree = "<group>"; };
		579E15492BA8177E00B70176 /* README.md */ = {isa = PBXFileReference; lastKnownFileType = net.daringfireball.markdown; path = README.md; sourceTree = "<group>"; };
		579E154C2BAA90D200B70176 /* LocationFetcher.swift */ = {isa = PBXFileReference; lastKnownFileType = sourcecode.swift; path = LocationFetcher.swift; sourceTree = "<group>"; };
		579E154E2BAAA4E700B70176 /* Info.plist */ = {isa = PBXFileReference; lastKnownFileType = text.plist; path = Info.plist; sourceTree = "<group>"; };
/* End PBXFileReference section */

/* Begin PBXFrameworksBuildPhase section */
		579E150E2BA7BD4C00B70176 /* Frameworks */ = {
			isa = PBXFrameworksBuildPhase;
			buildActionMask = 2147483647;
			files = (
			);
			runOnlyForDeploymentPostprocessing = 0;
		};
		579E151F2BA7BD4D00B70176 /* Frameworks */ = {
			isa = PBXFrameworksBuildPhase;
			buildActionMask = 2147483647;
			files = (
			);
			runOnlyForDeploymentPostprocessing = 0;
		};
		579E15292BA7BD4D00B70176 /* Frameworks */ = {
			isa = PBXFrameworksBuildPhase;
			buildActionMask = 2147483647;
			files = (
			);
			runOnlyForDeploymentPostprocessing = 0;
		};
/* End PBXFrameworksBuildPhase section */

/* Begin PBXGroup section */
		579E15082BA7BD4C00B70176 = {
			isa = PBXGroup;
			children = (
				579E15492BA8177E00B70176 /* README.md */,
				579E15132BA7BD4C00B70176 /* iMeetup */,
				579E15252BA7BD4D00B70176 /* iMeetupTests */,
				579E152F2BA7BD4D00B70176 /* iMeetupUITests */,
				579E15122BA7BD4C00B70176 /* Products */,
			);
			sourceTree = "<group>";
		};
		579E15122BA7BD4C00B70176 /* Products */ = {
			isa = PBXGroup;
			children = (
				579E15112BA7BD4C00B70176 /* iMeetup.app */,
				579E15222BA7BD4D00B70176 /* iMeetupTests.xctest */,
				579E152C2BA7BD4D00B70176 /* iMeetupUITests.xctest */,
			);
			name = Products;
			sourceTree = "<group>";
		};
		579E15132BA7BD4C00B70176 /* iMeetup */ = {
			isa = PBXGroup;
			children = (
				579E154E2BAAA4E700B70176 /* Info.plist */,
				579E15142BA7BD4C00B70176 /* iMeetupApp.swift */,
				579E15162BA7BD4C00B70176 /* ContentView.swift */,
				579E15432BA7FB3400B70176 /* EditProfileView.swift */,
				579E15452BA805CA00B70176 /* ProfileView.swift */,
				579E15412BA7BFFB00B70176 /* Profile.swift */,
				579E15182BA7BD4D00B70176 /* Assets.xcassets */,
				579E151A2BA7BD4D00B70176 /* iMeetup.entitlements */,
				579E151B2BA7BD4D00B70176 /* Preview Content */,
				579E153F2BA7BFD000B70176 /* ContentViewModel.swift */,
				579E15472BA8157B00B70176 /* EditProfileViewModel.swift */,
				579E154C2BAA90D200B70176 /* LocationFetcher.swift */,
			);
			path = iMeetup;
			sourceTree = "<group>";
		};
		579E151B2BA7BD4D00B70176 /* Preview Content */ = {
			isa = PBXGroup;
			children = (
				579E151C2BA7BD4D00B70176 /* Preview Assets.xcassets */,
			);
			path = "Preview Content";
			sourceTree = "<group>";
		};
		579E15252BA7BD4D00B70176 /* iMeetupTests */ = {
			isa = PBXGroup;
			children = (
				579E15262BA7BD4D00B70176 /* iMeetupTests.swift */,
			);
			path = iMeetupTests;
			sourceTree = "<group>";
		};
		579E152F2BA7BD4D00B70176 /* iMeetupUITests */ = {
			isa = PBXGroup;
			children = (
				579E15302BA7BD4D00B70176 /* iMeetupUITests.swift */,
				579E15322BA7BD4D00B70176 /* iMeetupUITestsLaunchTests.swift */,
			);
			path = iMeetupUITests;
			sourceTree = "<group>";
		};
/* End PBXGroup section */

/* Begin PBXNativeTarget section */
		579E15102BA7BD4C00B70176 /* iMeetup */ = {
			isa = PBXNativeTarget;
			buildConfigurationList = 579E15362BA7BD4D00B70176 /* Build configuration list for PBXNativeTarget "iMeetup" */;
			buildPhases = (
				579E150D2BA7BD4C00B70176 /* Sources */,
				579E150E2BA7BD4C00B70176 /* Frameworks */,
				579E150F2BA7BD4C00B70176 /* Resources */,
			);
			buildRules = (
			);
			dependencies = (
			);
			name = iMeetup;
			productName = iMeetup;
			productReference = 579E15112BA7BD4C00B70176 /* iMeetup.app */;
			productType = "com.apple.product-type.application";
		};
		579E15212BA7BD4D00B70176 /* iMeetupTests */ = {
			isa = PBXNativeTarget;
			buildConfigurationList = 579E15392BA7BD4D00B70176 /* Build configuration list for PBXNativeTarget "iMeetupTests" */;
			buildPhases = (
				579E151E2BA7BD4D00B70176 /* Sources */,
				579E151F2BA7BD4D00B70176 /* Frameworks */,
				579E15202BA7BD4D00B70176 /* Resources */,
			);
			buildRules = (
			);
			dependencies = (
				579E15242BA7BD4D00B70176 /* PBXTargetDependency */,
			);
			name = iMeetupTests;
			productName = iMeetupTests;
			productReference = 579E15222BA7BD4D00B70176 /* iMeetupTests.xctest */;
			productType = "com.apple.product-type.bundle.unit-test";
		};
		579E152B2BA7BD4D00B70176 /* iMeetupUITests */ = {
			isa = PBXNativeTarget;
			buildConfigurationList = 579E153C2BA7BD4D00B70176 /* Build configuration list for PBXNativeTarget "iMeetupUITests" */;
			buildPhases = (
				579E15282BA7BD4D00B70176 /* Sources */,
				579E15292BA7BD4D00B70176 /* Frameworks */,
				579E152A2BA7BD4D00B70176 /* Resources */,
			);
			buildRules = (
			);
			dependencies = (
				579E152E2BA7BD4D00B70176 /* PBXTargetDependency */,
			);
			name = iMeetupUITests;
			productName = iMeetupUITests;
			productReference = 579E152C2BA7BD4D00B70176 /* iMeetupUITests.xctest */;
			productType = "com.apple.product-type.bundle.ui-testing";
		};
/* End PBXNativeTarget section */

/* Begin PBXProject section */
		579E15092BA7BD4C00B70176 /* Project object */ = {
			isa = PBXProject;
			attributes = {
				BuildIndependentTargetsInParallel = 1;
				LastSwiftUpdateCheck = 1510;
				LastUpgradeCheck = 1510;
				TargetAttributes = {
					579E15102BA7BD4C00B70176 = {
						CreatedOnToolsVersion = 15.1;
					};
					579E15212BA7BD4D00B70176 = {
						CreatedOnToolsVersion = 15.1;
						TestTargetID = 579E15102BA7BD4C00B70176;
					};
					579E152B2BA7BD4D00B70176 = {
						CreatedOnToolsVersion = 15.1;
						TestTargetID = 579E15102BA7BD4C00B70176;
					};
				};
			};
			buildConfigurationList = 579E150C2BA7BD4C00B70176 /* Build configuration list for PBXProject "iMeetup" */;
			compatibilityVersion = "Xcode 14.0";
			developmentRegion = en;
			hasScannedForEncodings = 0;
			knownRegions = (
				en,
				Base,
			);
			mainGroup = 579E15082BA7BD4C00B70176;
			productRefGroup = 579E15122BA7BD4C00B70176 /* Products */;
			projectDirPath = "";
			projectRoot = "";
			targets = (
				579E15102BA7BD4C00B70176 /* iMeetup */,
				579E15212BA7BD4D00B70176 /* iMeetupTests */,
				579E152B2BA7BD4D00B70176 /* iMeetupUITests */,
			);
		};
/* End PBXProject section */

/* Begin PBXResourcesBuildPhase section */
		579E150F2BA7BD4C00B70176 /* Resources */ = {
			isa = PBXResourcesBuildPhase;
			buildActionMask = 2147483647;
			files = (
				579E151D2BA7BD4D00B70176 /* Preview Assets.xcassets in Resources */,
				579E15192BA7BD4D00B70176 /* Assets.xcassets in Resources */,
			);
			runOnlyForDeploymentPostprocessing = 0;
		};
		579E15202BA7BD4D00B70176 /* Resources */ = {
			isa = PBXResourcesBuildPhase;
			buildActionMask = 2147483647;
			files = (
			);
			runOnlyForDeploymentPostprocessing = 0;
		};
		579E152A2BA7BD4D00B70176 /* Resources */ = {
			isa = PBXResourcesBuildPhase;
			buildActionMask = 2147483647;
			files = (
			);
			runOnlyForDeploymentPostprocessing = 0;
		};
/* End PBXResourcesBuildPhase section */

/* Begin PBXSourcesBuildPhase section */
		579E150D2BA7BD4C00B70176 /* Sources */ = {
			isa = PBXSourcesBuildPhase;
			buildActionMask = 2147483647;
			files = (
				579E15422BA7BFFB00B70176 /* Profile.swift in Sources */,
				579E15172BA7BD4C00B70176 /* ContentView.swift in Sources */,
				579E154D2BAA90D200B70176 /* LocationFetcher.swift in Sources */,
				579E15442BA7FB3400B70176 /* EditProfileView.swift in Sources */,
				579E15152BA7BD4C00B70176 /* iMeetupApp.swift in Sources */,
				579E15482BA8157B00B70176 /* EditProfileViewModel.swift in Sources */,
				579E15462BA805CA00B70176 /* ProfileView.swift in Sources */,
				579E15402BA7BFD000B70176 /* ContentViewModel.swift in Sources */,
			);
			runOnlyForDeploymentPostprocessing = 0;
		};
		579E151E2BA7BD4D00B70176 /* Sources */ = {
			isa = PBXSourcesBuildPhase;
			buildActionMask = 2147483647;
			files = (
				579E15272BA7BD4D00B70176 /* iMeetupTests.swift in Sources */,
			);
			runOnlyForDeploymentPostprocessing = 0;
		};
		579E15282BA7BD4D00B70176 /* Sources */ = {
			isa = PBXSourcesBuildPhase;
			buildActionMask = 2147483647;
			files = (
				579E15332BA7BD4D00B70176 /* iMeetupUITestsLaunchTests.swift in Sources */,
				579E15312BA7BD4D00B70176 /* iMeetupUITests.swift in Sources */,
			);
			runOnlyForDeploymentPostprocessing = 0;
		};
/* End PBXSourcesBuildPhase section */

/* Begin PBXTargetDependency section */
		579E15242BA7BD4D00B70176 /* PBXTargetDependency */ = {
			isa = PBXTargetDependency;
			target = 579E15102BA7BD4C00B70176 /* iMeetup */;
			targetProxy = 579E15232BA7BD4D00B70176 /* PBXContainerItemProxy */;
		};
		579E152E2BA7BD4D00B70176 /* PBXTargetDependency */ = {
			isa = PBXTargetDependency;
			target = 579E15102BA7BD4C00B70176 /* iMeetup */;
			targetProxy = 579E152D2BA7BD4D00B70176 /* PBXContainerItemProxy */;
		};
/* End PBXTargetDependency section */

/* Begin XCBuildConfiguration section */
		579E15342BA7BD4D00B70176 /* Debug */ = {
			isa = XCBuildConfiguration;
			buildSettings = {
				ALWAYS_SEARCH_USER_PATHS = NO;
				ASSETCATALOG_COMPILER_GENERATE_SWIFT_ASSET_SYMBOL_EXTENSIONS = YES;
				CLANG_ANALYZER_NONNULL = YES;
				CLANG_ANALYZER_NUMBER_OBJECT_CONVERSION = YES_AGGRESSIVE;
				CLANG_CXX_LANGUAGE_STANDARD = "gnu++20";
				CLANG_ENABLE_MODULES = YES;
				CLANG_ENABLE_OBJC_ARC = YES;
				CLANG_ENABLE_OBJC_WEAK = YES;
				CLANG_WARN_BLOCK_CAPTURE_AUTORELEASING = YES;
				CLANG_WARN_BOOL_CONVERSION = YES;
				CLANG_WARN_COMMA = YES;
				CLANG_WARN_CONSTANT_CONVERSION = YES;
				CLANG_WARN_DEPRECATED_OBJC_IMPLEMENTATIONS = YES;
				CLANG_WARN_DIRECT_OBJC_ISA_USAGE = YES_ERROR;
				CLANG_WARN_DOCUMENTATION_COMMENTS = YES;
				CLANG_WARN_EMPTY_BODY = YES;
				CLANG_WARN_ENUM_CONVERSION = YES;
				CLANG_WARN_INFINITE_RECURSION = YES;
				CLANG_WARN_INT_CONVERSION = YES;
				CLANG_WARN_NON_LITERAL_NULL_CONVERSION = YES;
				CLANG_WARN_OBJC_IMPLICIT_RETAIN_SELF = YES;
				CLANG_WARN_OBJC_LITERAL_CONVERSION = YES;
				CLANG_WARN_OBJC_ROOT_CLASS = YES_ERROR;
				CLANG_WARN_QUOTED_INCLUDE_IN_FRAMEWORK_HEADER = YES;
				CLANG_WARN_RANGE_LOOP_ANALYSIS = YES;
				CLANG_WARN_STRICT_PROTOTYPES = YES;
				CLANG_WARN_SUSPICIOUS_MOVE = YES;
				CLANG_WARN_UNGUARDED_AVAILABILITY = YES_AGGRESSIVE;
				CLANG_WARN_UNREACHABLE_CODE = YES;
				CLANG_WARN__DUPLICATE_METHOD_MATCH = YES;
				COPY_PHASE_STRIP = NO;
				DEBUG_INFORMATION_FORMAT = dwarf;
				ENABLE_STRICT_OBJC_MSGSEND = YES;
				ENABLE_TESTABILITY = YES;
				ENABLE_USER_SCRIPT_SANDBOXING = YES;
				GCC_C_LANGUAGE_STANDARD = gnu17;
				GCC_DYNAMIC_NO_PIC = NO;
				GCC_NO_COMMON_BLOCKS = YES;
				GCC_OPTIMIZATION_LEVEL = 0;
				GCC_PREPROCESSOR_DEFINITIONS = (
					"DEBUG=1",
					"$(inherited)",
				);
				GCC_WARN_64_TO_32_BIT_CONVERSION = YES;
				GCC_WARN_ABOUT_RETURN_TYPE = YES_ERROR;
				GCC_WARN_UNDECLARED_SELECTOR = YES;
				GCC_WARN_UNINITIALIZED_AUTOS = YES_AGGRESSIVE;
				GCC_WARN_UNUSED_FUNCTION = YES;
				GCC_WARN_UNUSED_VARIABLE = YES;
				LOCALIZATION_PREFERS_STRING_CATALOGS = YES;
				MTL_ENABLE_DEBUG_INFO = INCLUDE_SOURCE;
				MTL_FAST_MATH = YES;
				ONLY_ACTIVE_ARCH = YES;
				SWIFT_ACTIVE_COMPILATION_CONDITIONS = "DEBUG $(inherited)";
				SWIFT_OPTIMIZATION_LEVEL = "-Onone";
			};
			name = Debug;
		};
		579E15352BA7BD4D00B70176 /* Release */ = {
			isa = XCBuildConfiguration;
			buildSettings = {
				ALWAYS_SEARCH_USER_PATHS = NO;
				ASSETCATALOG_COMPILER_GENERATE_SWIFT_ASSET_SYMBOL_EXTENSIONS = YES;
				CLANG_ANALYZER_NONNULL = YES;
				CLANG_ANALYZER_NUMBER_OBJECT_CONVERSION = YES_AGGRESSIVE;
				CLANG_CXX_LANGUAGE_STANDARD = "gnu++20";
				CLANG_ENABLE_MODULES = YES;
				CLANG_ENABLE_OBJC_ARC = YES;
				CLANG_ENABLE_OBJC_WEAK = YES;
				CLANG_WARN_BLOCK_CAPTURE_AUTORELEASING = YES;
				CLANG_WARN_BOOL_CONVERSION = YES;
				CLANG_WARN_COMMA = YES;
				CLANG_WARN_CONSTANT_CONVERSION = YES;
				CLANG_WARN_DEPRECATED_OBJC_IMPLEMENTATIONS = YES;
				CLANG_WARN_DIRECT_OBJC_ISA_USAGE = YES_ERROR;
				CLANG_WARN_DOCUMENTATION_COMMENTS = YES;
				CLANG_WARN_EMPTY_BODY = YES;
				CLANG_WARN_ENUM_CONVERSION = YES;
				CLANG_WARN_INFINITE_RECURSION = YES;
				CLANG_WARN_INT_CONVERSION = YES;
				CLANG_WARN_NON_LITERAL_NULL_CONVERSION = YES;
				CLANG_WARN_OBJC_IMPLICIT_RETAIN_SELF = YES;
				CLANG_WARN_OBJC_LITERAL_CONVERSION = YES;
				CLANG_WARN_OBJC_ROOT_CLASS = YES_ERROR;
				CLANG_WARN_QUOTED_INCLUDE_IN_FRAMEWORK_HEADER = YES;
				CLANG_WARN_RANGE_LOOP_ANALYSIS = YES;
				CLANG_WARN_STRICT_PROTOTYPES = YES;
				CLANG_WARN_SUSPICIOUS_MOVE = YES;
				CLANG_WARN_UNGUARDED_AVAILABILITY = YES_AGGRESSIVE;
				CLANG_WARN_UNREACHABLE_CODE = YES;
				CLANG_WARN__DUPLICATE_METHOD_MATCH = YES;
				COPY_PHASE_STRIP = NO;
				DEBUG_INFORMATION_FORMAT = "dwarf-with-dsym";
				ENABLE_NS_ASSERTIONS = NO;
				ENABLE_STRICT_OBJC_MSGSEND = YES;
				ENABLE_USER_SCRIPT_SANDBOXING = YES;
				GCC_C_LANGUAGE_STANDARD = gnu17;
				GCC_NO_COMMON_BLOCKS = YES;
				GCC_WARN_64_TO_32_BIT_CONVERSION = YES;
				GCC_WARN_ABOUT_RETURN_TYPE = YES_ERROR;
				GCC_WARN_UNDECLARED_SELECTOR = YES;
				GCC_WARN_UNINITIALIZED_AUTOS = YES_AGGRESSIVE;
				GCC_WARN_UNUSED_FUNCTION = YES;
				GCC_WARN_UNUSED_VARIABLE = YES;
				LOCALIZATION_PREFERS_STRING_CATALOGS = YES;
				MTL_ENABLE_DEBUG_INFO = NO;
				MTL_FAST_MATH = YES;
				SWIFT_COMPILATION_MODE = wholemodule;
			};
			name = Release;
		};
		579E15372BA7BD4D00B70176 /* Debug */ = {
			isa = XCBuildConfiguration;
			buildSettings = {
				ASSETCATALOG_COMPILER_APPICON_NAME = AppIcon;
				ASSETCATALOG_COMPILER_GLOBAL_ACCENT_COLOR_NAME = AccentColor;
				CODE_SIGN_ENTITLEMENTS = iMeetup/iMeetup.entitlements;
				CODE_SIGN_STYLE = Automatic;
				CURRENT_PROJECT_VERSION = 1;
				DEVELOPMENT_ASSET_PATHS = "\"iMeetup/Preview Content\"";
				DEVELOPMENT_TEAM = L6R97MY7CT;
				ENABLE_HARDENED_RUNTIME = YES;
				ENABLE_PREVIEWS = YES;
				GENERATE_INFOPLIST_FILE = YES;
				INFOPLIST_FILE = iMeetup/Info.plist;
				INFOPLIST_KEY_NSLocationWhenInUseUsageDescription = "Get geotapped location";
				"INFOPLIST_KEY_UIApplicationSceneManifest_Generation[sdk=iphoneos*]" = YES;
				"INFOPLIST_KEY_UIApplicationSceneManifest_Generation[sdk=iphonesimulator*]" = YES;
				"INFOPLIST_KEY_UIApplicationSupportsIndirectInputEvents[sdk=iphoneos*]" = YES;
				"INFOPLIST_KEY_UIApplicationSupportsIndirectInputEvents[sdk=iphonesimulator*]" = YES;
				"INFOPLIST_KEY_UILaunchScreen_Generation[sdk=iphoneos*]" = YES;
				"INFOPLIST_KEY_UILaunchScreen_Generation[sdk=iphonesimulator*]" = YES;
				"INFOPLIST_KEY_UIStatusBarStyle[sdk=iphoneos*]" = UIStatusBarStyleDefault;
				"INFOPLIST_KEY_UIStatusBarStyle[sdk=iphonesimulator*]" = UIStatusBarStyleDefault;
				INFOPLIST_KEY_UISupportedInterfaceOrientations_iPad = "UIInterfaceOrientationPortrait UIInterfaceOrientationPortraitUpsideDown UIInterfaceOrientationLandscapeLeft UIInterfaceOrientationLandscapeRight";
				INFOPLIST_KEY_UISupportedInterfaceOrientations_iPhone = "UIInterfaceOrientationPortrait UIInterfaceOrientationLandscapeLeft UIInterfaceOrientationLandscapeRight";
				IPHONEOS_DEPLOYMENT_TARGET = 17.2;
				LD_RUNPATH_SEARCH_PATHS = "@executable_path/Frameworks";
				"LD_RUNPATH_SEARCH_PATHS[sdk=macosx*]" = "@executable_path/../Frameworks";
				MACOSX_DEPLOYMENT_TARGET = 14.2;
				MARKETING_VERSION = 1.0;
				PRODUCT_BUNDLE_IDENTIFIER = ramsayleung.github.io.iMeetup;
				PRODUCT_NAME = "$(TARGET_NAME)";
				SDKROOT = auto;
				SUPPORTED_PLATFORMS = "iphoneos iphonesimulator macosx";
				SWIFT_EMIT_LOC_STRINGS = YES;
				SWIFT_VERSION = 5.0;
				TARGETED_DEVICE_FAMILY = "1,2";
			};
			name = Debug;
		};
		579E15382BA7BD4D00B70176 /* Release */ = {
			isa = XCBuildConfiguration;
			buildSettings = {
				ASSETCATALOG_COMPILER_APPICON_NAME = AppIcon;
				ASSETCATALOG_COMPILER_GLOBAL_ACCENT_COLOR_NAME = AccentColor;
				CODE_SIGN_ENTITLEMENTS = iMeetup/iMeetup.entitlements;
				CODE_SIGN_STYLE = Automatic;
				CURRENT_PROJECT_VERSION = 1;
				DEVELOPMENT_ASSET_PATHS = "\"iMeetup/Preview Content\"";
				DEVELOPMENT_TEAM = L6R97MY7CT;
				ENABLE_HARDENED_RUNTIME = YES;
				ENABLE_PREVIEWS = YES;
				GENERATE_INFOPLIST_FILE = YES;
				INFOPLIST_FILE = iMeetup/Info.plist;
				INFOPLIST_KEY_NSLocationWhenInUseUsageDescription = "Get geotapped location";
				"INFOPLIST_KEY_UIApplicationSceneManifest_Generation[sdk=iphoneos*]" = YES;
				"INFOPLIST_KEY_UIApplicationSceneManifest_Generation[sdk=iphonesimulator*]" = YES;
				"INFOPLIST_KEY_UIApplicationSupportsIndirectInputEvents[sdk=iphoneos*]" = YES;
				"INFOPLIST_KEY_UIApplicationSupportsIndirectInputEvents[sdk=iphonesimulator*]" = YES;
				"INFOPLIST_KEY_UILaunchScreen_Generation[sdk=iphoneos*]" = YES;
				"INFOPLIST_KEY_UILaunchScreen_Generation[sdk=iphonesimulator*]" = YES;
				"INFOPLIST_KEY_UIStatusBarStyle[sdk=iphoneos*]" = UIStatusBarStyleDefault;
				"INFOPLIST_KEY_UIStatusBarStyle[sdk=iphonesimulator*]" = UIStatusBarStyleDefault;
				INFOPLIST_KEY_UISupportedInterfaceOrientations_iPad = "UIInterfaceOrientationPortrait UIInterfaceOrientationPortraitUpsideDown UIInterfaceOrientationLandscapeLeft UIInterfaceOrientationLandscapeRight";
				INFOPLIST_KEY_UISupportedInterfaceOrientations_iPhone = "UIInterfaceOrientationPortrait UIInterfaceOrientationLandscapeLeft UIInterfaceOrientationLandscapeRight";
				IPHONEOS_DEPLOYMENT_TARGET = 17.2;
				LD_RUNPATH_SEARCH_PATHS = "@executable_path/Frameworks";
				"LD_RUNPATH_SEARCH_PATHS[sdk=macosx*]" = "@executable_path/../Frameworks";
				MACOSX_DEPLOYMENT_TARGET = 14.2;
				MARKETING_VERSION = 1.0;
				PRODUCT_BUNDLE_IDENTIFIER = ramsayleung.github.io.iMeetup;
				PRODUCT_NAME = "$(TARGET_NAME)";
				SDKROOT = auto;
				SUPPORTED_PLATFORMS = "iphoneos iphonesimulator macosx";
				SWIFT_EMIT_LOC_STRINGS = YES;
				SWIFT_VERSION = 5.0;
				TARGETED_DEVICE_FAMILY = "1,2";
			};
			name = Release;
		};
		579E153A2BA7BD4D00B70176 /* Debug */ = {
			isa = XCBuildConfiguration;
			buildSettings = {
				ALWAYS_EMBED_SWIFT_STANDARD_LIBRARIES = YES;
				BUNDLE_LOADER = "$(TEST_HOST)";
				CODE_SIGN_STYLE = Automatic;
				CURRENT_PROJECT_VERSION = 1;
				DEVELOPMENT_TEAM = L6R97MY7CT;
				GENERATE_INFOPLIST_FILE = YES;
				IPHONEOS_DEPLOYMENT_TARGET = 17.2;
				MACOSX_DEPLOYMENT_TARGET = 14.2;
				MARKETING_VERSION = 1.0;
				PRODUCT_BUNDLE_IDENTIFIER = ramsayleung.github.io.iMeetupTests;
				PRODUCT_NAME = "$(TARGET_NAME)";
				SDKROOT = auto;
				SUPPORTED_PLATFORMS = "iphoneos iphonesimulator macosx";
				SWIFT_EMIT_LOC_STRINGS = NO;
				SWIFT_VERSION = 5.0;
				TARGETED_DEVICE_FAMILY = "1,2";
				TEST_HOST = "$(BUILT_PRODUCTS_DIR)/iMeetup.app/$(BUNDLE_EXECUTABLE_FOLDER_PATH)/iMeetup";
			};
			name = Debug;
		};
		579E153B2BA7BD4D00B70176 /* Release */ = {
			isa = XCBuildConfiguration;
			buildSettings = {
				ALWAYS_EMBED_SWIFT_STANDARD_LIBRARIES = YES;
				BUNDLE_LOADER = "$(TEST_HOST)";
				CODE_SIGN_STYLE = Automatic;
				CURRENT_PROJECT_VERSION = 1;
				DEVELOPMENT_TEAM = L6R97MY7CT;
				GENERATE_INFOPLIST_FILE = YES;
				IPHONEOS_DEPLOYMENT_TARGET = 17.2;
				MACOSX_DEPLOYMENT_TARGET = 14.2;
				MARKETING_VERSION = 1.0;
				PRODUCT_BUNDLE_IDENTIFIER = ramsayleung.github.io.iMeetupTests;
				PRODUCT_NAME = "$(TARGET_NAME)";
				SDKROOT = auto;
				SUPPORTED_PLATFORMS = "iphoneos iphonesimulator macosx";
				SWIFT_EMIT_LOC_STRINGS = NO;
				SWIFT_VERSION = 5.0;
				TARGETED_DEVICE_FAMILY = "1,2";
				TEST_HOST = "$(BUILT_PRODUCTS_DIR)/iMeetup.app/$(BUNDLE_EXECUTABLE_FOLDER_PATH)/iMeetup";
			};
			name = Release;
		};
		579E153D2BA7BD4D00B70176 /* Debug */ = {
			isa = XCBuildConfiguration;
			buildSettings = {
				ALWAYS_EMBED_SWIFT_STANDARD_LIBRARIES = YES;
				CODE_SIGN_STYLE = Automatic;
				CURRENT_PROJECT_VERSION = 1;
				DEVELOPMENT_TEAM = L6R97MY7CT;
				GENERATE_INFOPLIST_FILE = YES;
				IPHONEOS_DEPLOYMENT_TARGET = 17.2;
				MACOSX_DEPLOYMENT_TARGET = 14.2;
				MARKETING_VERSION = 1.0;
				PRODUCT_BUNDLE_IDENTIFIER = ramsayleung.github.io.iMeetupUITests;
				PRODUCT_NAME = "$(TARGET_NAME)";
				SDKROOT = auto;
				SUPPORTED_PLATFORMS = "iphoneos iphonesimulator macosx";
				SWIFT_EMIT_LOC_STRINGS = NO;
				SWIFT_VERSION = 5.0;
				TARGETED_DEVICE_FAMILY = "1,2";
				TEST_TARGET_NAME = iMeetup;
			};
			name = Debug;
		};
		579E153E2BA7BD4D00B70176 /* Release */ = {
			isa = XCBuildConfiguration;
			buildSettings = {
				ALWAYS_EMBED_SWIFT_STANDARD_LIBRARIES = YES;
				CODE_SIGN_STYLE = Automatic;
				CURRENT_PROJECT_VERSION = 1;
				DEVELOPMENT_TEAM = L6R97MY7CT;
				GENERATE_INFOPLIST_FILE = YES;
				IPHONEOS_DEPLOYMENT_TARGET = 17.2;
				MACOSX_DEPLOYMENT_TARGET = 14.2;
				MARKETING_VERSION = 1.0;
				PRODUCT_BUNDLE_IDENTIFIER = ramsayleung.github.io.iMeetupUITests;
				PRODUCT_NAME = "$(TARGET_NAME)";
				SDKROOT = auto;
				SUPPORTED_PLATFORMS = "iphoneos iphonesimulator macosx";
				SWIFT_EMIT_LOC_STRINGS = NO;
				SWIFT_VERSION = 5.0;
				TARGETED_DEVICE_FAMILY = "1,2";
				TEST_TARGET_NAME = iMeetup;
			};
			name = Release;
		};
/* End XCBuildConfiguration section */

/* Begin XCConfigurationList section */
		579E150C2BA7BD4C00B70176 /* Build configuration list for PBXProject "iMeetup" */ = {
			isa = XCConfigurationList;
			buildConfigurations = (
				579E15342BA7BD4D00B70176 /* Debug */,
				579E15352BA7BD4D00B70176 /* Release */,
			);
			defaultConfigurationIsVisible = 0;
			defaultConfigurationName = Release;
		};
		579E15362BA7BD4D00B70176 /* Build configuration list for PBXNativeTarget "iMeetup" */ = {
			isa = XCConfigurationList;
			buildConfigurations = (
				579E15372BA7BD4D00B70176 /* Debug */,
				579E15382BA7BD4D00B70176 /* Release */,
			);
			defaultConfigurationIsVisible = 0;
			defaultConfigurationName = Release;
		};
		579E15392BA7BD4D00B70176 /* Build configuration list for PBXNativeTarget "iMeetupTests" */ = {
			isa = XCConfigurationList;
			buildConfigurations = (
				579E153A2BA7BD4D00B70176 /* Debug */,
				579E153B2BA7BD4D00B70176 /* Release */,
			);
			defaultConfigurationIsVisible = 0;
			defaultConfigurationName = Release;
		};
		579E153C2BA7BD4D00B70176 /* Build configuration list for PBXNativeTarget "iMeetupUITests" */ = {
			isa = XCConfigurationList;
			buildConfigurations = (
				579E153D2BA7BD4D00B70176 /* Debug */,
				579E153E2BA7BD4D00B70176 /* Release */,
			);
			defaultConfigurationIsVisible = 0;
			defaultConfigurationName = Release;
		};
/* End XCConfigurationList section */
	};
	rootObject = 579E15092BA7BD4C00B70176 /* Project object */;
}
